
Microsoft Visual Studio Solution File, Format Version 12.00
# Visual Studio Version 17
VisualStudioVersion = 17.9.34622.214
MinimumVisualStudioVersion = 10.0.40219.1
Project("{FAE04EC0-301F-11D3-BF4B-00C04F79EFBC}") = "SKAirlines-Project", "SKAirlines-Project.csproj", "{215AE681-9757-41A3-9D4F-15DCAD5F9C33}"
EndProject
Global
	GlobalSection(SolutionConfigurationPlatforms) = preSolution
		Debug|Any CPU = Debug|Any CPU
		Release|Any CPU = Release|Any CPU
	EndGlobalSection
	GlobalSection(ProjectConfigurationPlatforms) = postSolution
		{215AE681-9757-41A3-9D4F-15DCAD5F9C33}.Debug|Any CPU.ActiveCfg = Debug|Any CPU
		{215AE681-9757-41A3-9D4F-15DCAD5F9C33}.Debug|Any CPU.Build.0 = Debug|Any CPU
		{215AE681-9757-41A3-9D4F-15DCAD5F9C33}.Debug|Any CPU.Deploy.0 = Debug|Any CPU
		{215AE681-9757-41A3-9D4F-15DCAD5F9C33}.Release|Any CPU.ActiveCfg = Release|Any CPU
		{215AE681-9757-41A3-9D4F-15DCAD5F9C33}.Release|Any CPU.Build.0 = Release|Any CPU
		{215AE681-9757-41A3-9D4F-15DCAD5F9C33}.Release|Any CPU.Deploy.0 = Release|Any CPU
	EndGlobalSection
	GlobalSection(SolutionProperties) = preSolution
		HideSolutionNode = FALSE
	EndGlobalSection
	GlobalSection(ExtensibilityGlobals) = postSolution
		SolutionGuid = {910A26B4-A2FF-4E17-B30A-BAA9CBDE6450}
	EndGlobalSection
EndGlobal
